
Microsoft Visual Studio Solution File, Format Version 12.00
# Visual Studio Version 17
VisualStudioVersion = 17.8.34330.188
MinimumVisualStudioVersion = 10.0.40219.1
Project("{FAE04EC0-301F-11D3-BF4B-00C04F79EFBC}") = "codealong_januar", "codealong_januar.csproj", "{08B289A8-1469-40C7-AE88-E4DA298B5A27}"
EndProject
Global
	GlobalSection(SolutionConfigurationPlatforms) = preSolution
		Debug|Any CPU = Debug|Any CPU
		Release|Any CPU = Release|Any CPU
	EndGlobalSection
	GlobalSection(ProjectConfigurationPlatforms) = postSolution
		{08B289A8-1469-40C7-AE88-E4DA298B5A27}.Debug|Any CPU.ActiveCfg = Debug|Any CPU
		{08B289A8-1469-40C7-AE88-E4DA298B5A27}.Debug|Any CPU.Build.0 = Debug|Any CPU
		{08B289A8-1469-40C7-AE88-E4DA298B5A27}.Release|Any CPU.ActiveCfg = Release|Any CPU
		{08B289A8-1469-40C7-AE88-E4DA298B5A27}.Release|Any CPU.Build.0 = Release|Any CPU
	EndGlobalSection
	GlobalSection(SolutionProperties) = preSolution
		HideSolutionNode = FALSE
	EndGlobalSection
	GlobalSection(ExtensibilityGlobals) = postSolution
		SolutionGuid = {80F034F8-D5B6-423A-A69E-D263AC9C8CC1}
	EndGlobalSection
EndGlobal
