
Microsoft Visual Studio Solution File, Format Version 12.00
# Visual Studio Version 17
VisualStudioVersion = 17.8.34525.116
MinimumVisualStudioVersion = 10.0.40219.1
Project("{FAE04EC0-301F-11D3-BF4B-00C04F79EFBC}") = "TodoApi", "TodoApi\TodoApi.csproj", "{B36B5239-98CD-4D6C-B1E5-716F7E382492}"
EndProject
Global
	GlobalSection(SolutionConfigurationPlatforms) = preSolution
		Debug|Any CPU = Debug|Any CPU
		Release|Any CPU = Release|Any CPU
	EndGlobalSection
	GlobalSection(ProjectConfigurationPlatforms) = postSolution
		{B36B5239-98CD-4D6C-B1E5-716F7E382492}.Debug|Any CPU.ActiveCfg = Debug|Any CPU
		{B36B5239-98CD-4D6C-B1E5-716F7E382492}.Debug|Any CPU.Build.0 = Debug|Any CPU
		{B36B5239-98CD-4D6C-B1E5-716F7E382492}.Release|Any CPU.ActiveCfg = Release|Any CPU
		{B36B5239-98CD-4D6C-B1E5-716F7E382492}.Release|Any CPU.Build.0 = Release|Any CPU
	EndGlobalSection
	GlobalSection(SolutionProperties) = preSolution
		HideSolutionNode = FALSE
	EndGlobalSection
	GlobalSection(ExtensibilityGlobals) = postSolution
		SolutionGuid = {747ECEEA-B764-470D-884E-F62CAF09AEAF}
	EndGlobalSection
EndGlobal
