
Microsoft Visual Studio Solution File, Format Version 12.00
# Visual Studio Version 17
VisualStudioVersion = 17.5.33627.172
MinimumVisualStudioVersion = 10.0.40219.1
Project("{9A19103F-16F7-4668-BE54-9A1E7A4F7556}") = "Abax", "Abax.csproj", "{47A5E0E9-3F28-435D-920C-632F4EC5849F}"
EndProject
Project("{9A19103F-16F7-4668-BE54-9A1E7A4F7556}") = "StudentAdmSys", "..\StudentAdmSys\StudentAdmSys.csproj", "{719E05B3-0727-48F7-A018-B76B6C443025}"
EndProject
Project("{9A19103F-16F7-4668-BE54-9A1E7A4F7556}") = "Organ_Transplant", "..\Organ_Transplant\Organ_Transplant.csproj", "{DC084D94-125F-45EC-8973-86CEBCCAEF75}"
EndProject
Project("{9A19103F-16F7-4668-BE54-9A1E7A4F7556}") = "FriendFace", "..\Social_Media\FriendFace.csproj", "{104A0000-F058-436E-8929-4AFD65A7315A}"
EndProject
Project("{9A19103F-16F7-4668-BE54-9A1E7A4F7556}") = "Codealong_c_1", "..\Codealong_c_1\Codealong_c_1.csproj", "{3FE1F511-FBD1-4299-AC15-303D98C7CC79}"
EndProject
Project("{FAE04EC0-301F-11D3-BF4B-00C04F79EFBC}") = "Par_2", "..\Par_2\Par_2.csproj", "{A17F58D2-DD1D-4210-872F-EB6E9AF2580B}"
EndProject
Global
	GlobalSection(SolutionConfigurationPlatforms) = preSolution
		Debug|Any CPU = Debug|Any CPU
		Release|Any CPU = Release|Any CPU
	EndGlobalSection
	GlobalSection(ProjectConfigurationPlatforms) = postSolution
		{47A5E0E9-3F28-435D-920C-632F4EC5849F}.Debug|Any CPU.ActiveCfg = Debug|Any CPU
		{47A5E0E9-3F28-435D-920C-632F4EC5849F}.Debug|Any CPU.Build.0 = Debug|Any CPU
		{47A5E0E9-3F28-435D-920C-632F4EC5849F}.Release|Any CPU.ActiveCfg = Release|Any CPU
		{47A5E0E9-3F28-435D-920C-632F4EC5849F}.Release|Any CPU.Build.0 = Release|Any CPU
		{719E05B3-0727-48F7-A018-B76B6C443025}.Debug|Any CPU.ActiveCfg = Debug|Any CPU
		{719E05B3-0727-48F7-A018-B76B6C443025}.Debug|Any CPU.Build.0 = Debug|Any CPU
		{719E05B3-0727-48F7-A018-B76B6C443025}.Release|Any CPU.ActiveCfg = Release|Any CPU
		{719E05B3-0727-48F7-A018-B76B6C443025}.Release|Any CPU.Build.0 = Release|Any CPU
		{DC084D94-125F-45EC-8973-86CEBCCAEF75}.Debug|Any CPU.ActiveCfg = Debug|Any CPU
		{DC084D94-125F-45EC-8973-86CEBCCAEF75}.Debug|Any CPU.Build.0 = Debug|Any CPU
		{DC084D94-125F-45EC-8973-86CEBCCAEF75}.Release|Any CPU.ActiveCfg = Release|Any CPU
		{DC084D94-125F-45EC-8973-86CEBCCAEF75}.Release|Any CPU.Build.0 = Release|Any CPU
		{104A0000-F058-436E-8929-4AFD65A7315A}.Debug|Any CPU.ActiveCfg = Debug|Any CPU
		{104A0000-F058-436E-8929-4AFD65A7315A}.Debug|Any CPU.Build.0 = Debug|Any CPU
		{104A0000-F058-436E-8929-4AFD65A7315A}.Release|Any CPU.ActiveCfg = Release|Any CPU
		{104A0000-F058-436E-8929-4AFD65A7315A}.Release|Any CPU.Build.0 = Release|Any CPU
		{3FE1F511-FBD1-4299-AC15-303D98C7CC79}.Debug|Any CPU.ActiveCfg = Debug|Any CPU
		{3FE1F511-FBD1-4299-AC15-303D98C7CC79}.Debug|Any CPU.Build.0 = Debug|Any CPU
		{3FE1F511-FBD1-4299-AC15-303D98C7CC79}.Release|Any CPU.ActiveCfg = Release|Any CPU
		{3FE1F511-FBD1-4299-AC15-303D98C7CC79}.Release|Any CPU.Build.0 = Release|Any CPU
		{A17F58D2-DD1D-4210-872F-EB6E9AF2580B}.Debug|Any CPU.ActiveCfg = Debug|Any CPU
		{A17F58D2-DD1D-4210-872F-EB6E9AF2580B}.Debug|Any CPU.Build.0 = Debug|Any CPU
		{A17F58D2-DD1D-4210-872F-EB6E9AF2580B}.Release|Any CPU.ActiveCfg = Release|Any CPU
		{A17F58D2-DD1D-4210-872F-EB6E9AF2580B}.Release|Any CPU.Build.0 = Release|Any CPU
	EndGlobalSection
	GlobalSection(SolutionProperties) = preSolution
		HideSolutionNode = FALSE
	EndGlobalSection
	GlobalSection(ExtensibilityGlobals) = postSolution
		SolutionGuid = {4E01E589-DFC3-4623-9206-A327CB2A10FF}
	EndGlobalSection
EndGlobal
