
Microsoft Visual Studio Solution File, Format Version 12.00
# Visual Studio Version 17
VisualStudioVersion = 17.8.34525.116
MinimumVisualStudioVersion = 10.0.40219.1
Project("{FAE04EC0-301F-11D3-BF4B-00C04F79EFBC}") = "BookStoreApi", "BookStoreApi\BookStoreApi.csproj", "{7E49985F-10C8-45A0-B5C5-9E468FB48456}"
EndProject
Global
	GlobalSection(SolutionConfigurationPlatforms) = preSolution
		Debug|Any CPU = Debug|Any CPU
		Release|Any CPU = Release|Any CPU
	EndGlobalSection
	GlobalSection(ProjectConfigurationPlatforms) = postSolution
		{7E49985F-10C8-45A0-B5C5-9E468FB48456}.Debug|Any CPU.ActiveCfg = Debug|Any CPU
		{7E49985F-10C8-45A0-B5C5-9E468FB48456}.Debug|Any CPU.Build.0 = Debug|Any CPU
		{7E49985F-10C8-45A0-B5C5-9E468FB48456}.Release|Any CPU.ActiveCfg = Release|Any CPU
		{7E49985F-10C8-45A0-B5C5-9E468FB48456}.Release|Any CPU.Build.0 = Release|Any CPU
	EndGlobalSection
	GlobalSection(SolutionProperties) = preSolution
		HideSolutionNode = FALSE
	EndGlobalSection
	GlobalSection(ExtensibilityGlobals) = postSolution
		SolutionGuid = {9BCC8612-92EA-4AA7-8376-BD1115CC9BFF}
	EndGlobalSection
EndGlobal
